
Microsoft Visual Studio Solution File, Format Version 12.00
# Visual Studio Version 17
VisualStudioVersion = 17.5.33627.172
MinimumVisualStudioVersion = 10.0.40219.1
Project("{9A19103F-16F7-4668-BE54-9A1E7A4F7556}") = "CryptoLibrary", "CryptoLibrary\CryptoLibrary.csproj", "{2A3241D3-48AA-4F71-AAB5-354277337259}"
EndProject
Project("{FAE04EC0-301F-11D3-BF4B-00C04F79EFBC}") = "CryptoApplication", "CryptoApplication\CryptoApplication.csproj", "{AA8E7E65-9BAC-4A5D-8A08-C9EDE6A022AE}"
EndProject
Project("{FAE04EC0-301F-11D3-BF4B-00C04F79EFBC}") = "CryptoLibrary.Test", "CryptoLibrary.Test\CryptoLibrary.Test.csproj", "{2E801751-3AE6-484F-B8C7-3574764E55C5}"
EndProject
Global
	GlobalSection(SolutionConfigurationPlatforms) = preSolution
		Debug|Any CPU = Debug|Any CPU
		Release|Any CPU = Release|Any CPU
	EndGlobalSection
	GlobalSection(ProjectConfigurationPlatforms) = postSolution
		{2A3241D3-48AA-4F71-AAB5-354277337259}.Debug|Any CPU.ActiveCfg = Debug|Any CPU
		{2A3241D3-48AA-4F71-AAB5-354277337259}.Debug|Any CPU.Build.0 = Debug|Any CPU
		{2A3241D3-48AA-4F71-AAB5-354277337259}.Release|Any CPU.ActiveCfg = Release|Any CPU
		{2A3241D3-48AA-4F71-AAB5-354277337259}.Release|Any CPU.Build.0 = Release|Any CPU
		{AA8E7E65-9BAC-4A5D-8A08-C9EDE6A022AE}.Debug|Any CPU.ActiveCfg = Debug|Any CPU
		{AA8E7E65-9BAC-4A5D-8A08-C9EDE6A022AE}.Debug|Any CPU.Build.0 = Debug|Any CPU
		{AA8E7E65-9BAC-4A5D-8A08-C9EDE6A022AE}.Release|Any CPU.ActiveCfg = Release|Any CPU
		{AA8E7E65-9BAC-4A5D-8A08-C9EDE6A022AE}.Release|Any CPU.Build.0 = Release|Any CPU
		{2E801751-3AE6-484F-B8C7-3574764E55C5}.Debug|Any CPU.ActiveCfg = Debug|Any CPU
		{2E801751-3AE6-484F-B8C7-3574764E55C5}.Debug|Any CPU.Build.0 = Debug|Any CPU
		{2E801751-3AE6-484F-B8C7-3574764E55C5}.Release|Any CPU.ActiveCfg = Release|Any CPU
		{2E801751-3AE6-484F-B8C7-3574764E55C5}.Release|Any CPU.Build.0 = Release|Any CPU
	EndGlobalSection
	GlobalSection(SolutionProperties) = preSolution
		HideSolutionNode = FALSE
	EndGlobalSection
	GlobalSection(ExtensibilityGlobals) = postSolution
		SolutionGuid = {7952F10B-535B-438F-8226-349F8E0EC6E5}
	EndGlobalSection
EndGlobal
